{
	"name": "ajs-2",
	"version": "1.0.0",
	"lockfileVersion": 3,
	"requires": true,
	"packages": {
		"": {
			"name": "ajs-2",
			"version": "1.0.0",
			"license": "ISC",
			"dependencies": {
				"@milkywrld/ajs-platforms": "^1.0.0"
			}
		},
		"node_modules/@milkywrld/ajs-platforms": {
			"version": "1.0.0",
			"resolved": "https://npm.pkg.github.com/download/@milkywrld/ajs-platforms/1.0.0/b7e915c46133df2d4913cf5d6b56934cc44334ad",
			"integrity": "sha512-cQCcd90dIfKK1+gc3VdQkCqyH/wZxeyn9ddk6WuEELyN/q+n2ffqxaQ8kv1LIxpidF5VyizO+VBWbjd6fdqpIw==",
			"license": "ISC"
		}
	}
}
